
Microsoft Visual Studio Solution File, Format Version 12.00
# Visual Studio Version 16
VisualStudioVersion = 16.0.28803.202
MinimumVisualStudioVersion = 10.0.40219.1
Project("{FAE04EC0-301F-11D3-BF4B-00C04F79EFBC}") = "FairWeatherFriend", "FairWeatherFriend\FairWeatherFriend.csproj", "{BCD534D0-5E3C-4DB0-8E10-C6E52F391DEC}"
EndProject
Global
	GlobalSection(SolutionConfigurationPlatforms) = preSolution
		Debug|Any CPU = Debug|Any CPU
		Release|Any CPU = Release|Any CPU
	EndGlobalSection
	GlobalSection(ProjectConfigurationPlatforms) = postSolution
		{BCD534D0-5E3C-4DB0-8E10-C6E52F391DEC}.Debug|Any CPU.ActiveCfg = Debug|Any CPU
		{BCD534D0-5E3C-4DB0-8E10-C6E52F391DEC}.Debug|Any CPU.Build.0 = Debug|Any CPU
		{BCD534D0-5E3C-4DB0-8E10-C6E52F391DEC}.Release|Any CPU.ActiveCfg = Release|Any CPU
		{BCD534D0-5E3C-4DB0-8E10-C6E52F391DEC}.Release|Any CPU.Build.0 = Release|Any CPU
	EndGlobalSection
	GlobalSection(SolutionProperties) = preSolution
		HideSolutionNode = FALSE
	EndGlobalSection
	GlobalSection(ExtensibilityGlobals) = postSolution
		SolutionGuid = {C0AB832A-9E71-44AE-9B73-5D08254A5CF3}
	EndGlobalSection
EndGlobal
